
Microsoft Visual Studio Solution File, Format Version 12.00
# Visual Studio Version 16
VisualStudioVersion = 25.0.1706.5
MinimumVisualStudioVersion = 10.0.40219.1
Project("{FAE04EC0-301F-11D3-BF4B-00C04F79EFBC}") = "API", "API.csproj", "{B5F27EDD-76D5-41EF-AD24-3FB10EE3A295}"
EndProject
Global
	GlobalSection(SolutionConfigurationPlatforms) = preSolution
		Debug|Any CPU = Debug|Any CPU
		Release|Any CPU = Release|Any CPU
	EndGlobalSection
	GlobalSection(ProjectConfigurationPlatforms) = postSolution
		{B5F27EDD-76D5-41EF-AD24-3FB10EE3A295}.Debug|Any CPU.ActiveCfg = Debug|Any CPU
		{B5F27EDD-76D5-41EF-AD24-3FB10EE3A295}.Debug|Any CPU.Build.0 = Debug|Any CPU
		{B5F27EDD-76D5-41EF-AD24-3FB10EE3A295}.Release|Any CPU.ActiveCfg = Release|Any CPU
		{B5F27EDD-76D5-41EF-AD24-3FB10EE3A295}.Release|Any CPU.Build.0 = Release|Any CPU
	EndGlobalSection
	GlobalSection(SolutionProperties) = preSolution
		HideSolutionNode = FALSE
	EndGlobalSection
	GlobalSection(ExtensibilityGlobals) = postSolution
		SolutionGuid = {DECD35AB-D163-47CC-940E-D7F9F4138339}
	EndGlobalSection
EndGlobal
